// !$*UTF8*$!
{
	archiveVersion = 1;
	classes = {
	};
	objectVersion = 50;
	objects = {

/* Begin PBXBuildFile section */
		3F84908D240A0368007FBA48 /* AppDelegate.swift in Sources */ = {isa = PBXBuildFile; fileRef = 3F84908C240A0368007FBA48 /* AppDelegate.swift */; };
		3F84908F240A0368007FBA48 /* SceneDelegate.swift in Sources */ = {isa = PBXBuildFile; fileRef = 3F84908E240A0368007FBA48 /* SceneDelegate.swift */; };
		3F849091240A0368007FBA48 /* GuessViewController.swift in Sources */ = {isa = PBXBuildFile; fileRef = 3F849090240A0368007FBA48 /* GuessViewController.swift */; };
		3F849093240A0368007FBA48 /* StatisticsViewController.swift in Sources */ = {isa = PBXBuildFile; fileRef = 3F849092240A0368007FBA48 /* StatisticsViewController.swift */; };
		3F849096240A0368007FBA48 /* Main.storyboard in Resources */ = {isa = PBXBuildFile; fileRef = 3F849094240A0368007FBA48 /* Main.storyboard */; };
		3F849098240A036A007FBA48 /* Assets.xcassets in Resources */ = {isa = PBXBuildFile; fileRef = 3F849097240A036A007FBA48 /* Assets.xcassets */; };
		3F84909B240A036A007FBA48 /* LaunchScreen.storyboard in Resources */ = {isa = PBXBuildFile; fileRef = 3F849099240A036A007FBA48 /* LaunchScreen.storyboard */; };
		3F8490A3240A03D6007FBA48 /* HistoryTableTableViewController.swift in Sources */ = {isa = PBXBuildFile; fileRef = 3F8490A2240A03D6007FBA48 /* HistoryTableTableViewController.swift */; };
		3F8490A5240B7811007FBA48 /* Predictions.swift in Sources */ = {isa = PBXBuildFile; fileRef = 3F8490A4240B7811007FBA48 /* Predictions.swift */; };
/* End PBXBuildFile section */

/* Begin PBXFileReference section */
		3F849089240A0368007FBA48 /* An ESPecially Good App.app */ = {isa = PBXFileReference; explicitFileType = wrapper.application; includeInIndex = 0; path = "An ESPecially Good App.app"; sourceTree = BUILT_PRODUCTS_DIR; };
		3F84908C240A0368007FBA48 /* AppDelegate.swift */ = {isa = PBXFileReference; lastKnownFileType = sourcecode.swift; path = AppDelegate.swift; sourceTree = "<group>"; };
		3F84908E240A0368007FBA48 /* SceneDelegate.swift */ = {isa = PBXFileReference; lastKnownFileType = sourcecode.swift; path = SceneDelegate.swift; sourceTree = "<group>"; };
		3F849090240A0368007FBA48 /* GuessViewController.swift */ = {isa = PBXFileReference; lastKnownFileType = sourcecode.swift; path = GuessViewController.swift; sourceTree = "<group>"; };
		3F849092240A0368007FBA48 /* StatisticsViewController.swift */ = {isa = PBXFileReference; lastKnownFileType = sourcecode.swift; path = StatisticsViewController.swift; sourceTree = "<group>"; };
		3F849095240A0368007FBA48 /* Base */ = {isa = PBXFileReference; lastKnownFileType = file.storyboard; name = Base; path = Base.lproj/Main.storyboard; sourceTree = "<group>"; };
		3F849097240A036A007FBA48 /* Assets.xcassets */ = {isa = PBXFileReference; lastKnownFileType = folder.assetcatalog; path = Assets.xcassets; sourceTree = "<group>"; };
		3F84909A240A036A007FBA48 /* Base */ = {isa = PBXFileReference; lastKnownFileType = file.storyboard; name = Base; path = Base.lproj/LaunchScreen.storyboard; sourceTree = "<group>"; };
		3F84909C240A036A007FBA48 /* Info.plist */ = {isa = PBXFileReference; lastKnownFileType = text.plist.xml; path = Info.plist; sourceTree = "<group>"; };
		3F8490A2240A03D6007FBA48 /* HistoryTableTableViewController.swift */ = {isa = PBXFileReference; lastKnownFileType = sourcecode.swift; path = HistoryTableTableViewController.swift; sourceTree = "<group>"; };
		3F8490A4240B7811007FBA48 /* Predictions.swift */ = {isa = PBXFileReference; lastKnownFileType = sourcecode.swift; path = Predictions.swift; sourceTree = "<group>"; };
/* End PBXFileReference section */

/* Begin PBXFrameworksBuildPhase section */
		3F849086240A0368007FBA48 /* Frameworks */ = {
			isa = PBXFrameworksBuildPhase;
			buildActionMask = 2147483647;
			files = (
			);
			runOnlyForDeploymentPostprocessing = 0;
		};
/* End PBXFrameworksBuildPhase section */

/* Begin PBXGroup section */
		3F849080240A0368007FBA48 = {
			isa = PBXGroup;
			children = (
				3F84908B240A0368007FBA48 /* An ESPecially Good App */,
				3F84908A240A0368007FBA48 /* Products */,
			);
			sourceTree = "<group>";
		};
		3F84908A240A0368007FBA48 /* Products */ = {
			isa = PBXGroup;
			children = (
				3F849089240A0368007FBA48 /* An ESPecially Good App.app */,
			);
			name = Products;
			sourceTree = "<group>";
		};
		3F84908B240A0368007FBA48 /* An ESPecially Good App */ = {
			isa = PBXGroup;
			children = (
				3F84908C240A0368007FBA48 /* AppDelegate.swift */,
				3F84908E240A0368007FBA48 /* SceneDelegate.swift */,
				3F849090240A0368007FBA48 /* GuessViewController.swift */,
				3F8490A4240B7811007FBA48 /* Predictions.swift */,
				3F849092240A0368007FBA48 /* StatisticsViewController.swift */,
				3F8490A2240A03D6007FBA48 /* HistoryTableTableViewController.swift */,
				3F849094240A0368007FBA48 /* Main.storyboard */,
				3F849097240A036A007FBA48 /* Assets.xcassets */,
				3F849099240A036A007FBA48 /* LaunchScreen.storyboard */,
				3F84909C240A036A007FBA48 /* Info.plist */,
			);
			path = "An ESPecially Good App";
			sourceTree = "<group>";
		};
/* End PBXGroup section */

/* Begin PBXNativeTarget section */
		3F849088240A0368007FBA48 /* An ESPecially Good App */ = {
			isa = PBXNativeTarget;
			buildConfigurationList = 3F84909F240A036A007FBA48 /* Build configuration list for PBXNativeTarget "An ESPecially Good App" */;
			buildPhases = (
				3F849085240A0368007FBA48 /* Sources */,
				3F849086240A0368007FBA48 /* Frameworks */,
				3F849087240A0368007FBA48 /* Resources */,
			);
			buildRules = (
			);
			dependencies = (
			);
			name = "An ESPecially Good App";
			productName = "An ESPecially Good App";
			productReference = 3F849089240A0368007FBA48 /* An ESPecially Good App.app */;
			productType = "com.apple.product-type.application";
		};
/* End PBXNativeTarget section */

/* Begin PBXProject section */
		3F849081240A0368007FBA48 /* Project object */ = {
			isa = PBXProject;
			attributes = {
				LastSwiftUpdateCheck = 1130;
				LastUpgradeCheck = 1130;
				ORGANIZATIONNAME = student;
				TargetAttributes = {
					3F849088240A0368007FBA48 = {
						CreatedOnToolsVersion = 11.3.1;
					};
				};
			};
			buildConfigurationList = 3F849084240A0368007FBA48 /* Build configuration list for PBXProject "An ESPecially Good App" */;
			compatibilityVersion = "Xcode 9.3";
			developmentRegion = en;
			hasScannedForEncodings = 0;
			knownRegions = (
				en,
				Base,
			);
			mainGroup = 3F849080240A0368007FBA48;
			productRefGroup = 3F84908A240A0368007FBA48 /* Products */;
			projectDirPath = "";
			projectRoot = "";
			targets = (
				3F849088240A0368007FBA48 /* An ESPecially Good App */,
			);
		};
/* End PBXProject section */

/* Begin PBXResourcesBuildPhase section */
		3F849087240A0368007FBA48 /* Resources */ = {
			isa = PBXResourcesBuildPhase;
			buildActionMask = 2147483647;
			files = (
				3F84909B240A036A007FBA48 /* LaunchScreen.storyboard in Resources */,
				3F849098240A036A007FBA48 /* Assets.xcassets in Resources */,
				3F849096240A0368007FBA48 /* Main.storyboard in Resources */,
			);
			runOnlyForDeploymentPostprocessing = 0;
		};
/* End PBXResourcesBuildPhase section */

/* Begin PBXSourcesBuildPhase section */
		3F849085240A0368007FBA48 /* Sources */ = {
			isa = PBXSourcesBuildPhase;
			buildActionMask = 2147483647;
			files = (
				3F849093240A0368007FBA48 /* StatisticsViewController.swift in Sources */,
				3F849091240A0368007FBA48 /* GuessViewController.swift in Sources */,
				3F8490A3240A03D6007FBA48 /* HistoryTableTableViewController.swift in Sources */,
				3F84908D240A0368007FBA48 /* AppDelegate.swift in Sources */,
				3F8490A5240B7811007FBA48 /* Predictions.swift in Sources */,
				3F84908F240A0368007FBA48 /* SceneDelegate.swift in Sources */,
			);
			runOnlyForDeploymentPostprocessing = 0;
		};
/* End PBXSourcesBuildPhase section */

/* Begin PBXVariantGroup section */
		3F849094240A0368007FBA48 /* Main.storyboard */ = {
			isa = PBXVariantGroup;
			children = (
				3F849095240A0368007FBA48 /* Base */,
			);
			name = Main.storyboard;
			sourceTree = "<group>";
		};
		3F849099240A036A007FBA48 /* LaunchScreen.storyboard */ = {
			isa = PBXVariantGroup;
			children = (
				3F84909A240A036A007FBA48 /* Base */,
			);
			name = LaunchScreen.storyboard;
			sourceTree = "<group>";
		};
/* End PBXVariantGroup section */

/* Begin XCBuildConfiguration section */
		3F84909D240A036A007FBA48 /* Debug */ = {
			isa = XCBuildConfiguration;
			buildSettings = {
				ALWAYS_SEARCH_USER_PATHS = NO;
				CLANG_ANALYZER_NONNULL = YES;
				CLANG_ANALYZER_NUMBER_OBJECT_CONVERSION = YES_AGGRESSIVE;
				CLANG_CXX_LANGUAGE_STANDARD = "gnu++14";
				CLANG_CXX_LIBRARY = "libc++";
				CLANG_ENABLE_MODULES = YES;
				CLANG_ENABLE_OBJC_ARC = YES;
				CLANG_ENABLE_OBJC_WEAK = YES;
				CLANG_WARN_BLOCK_CAPTURE_AUTORELEASING = YES;
				CLANG_WARN_BOOL_CONVERSION = YES;
				CLANG_WARN_COMMA = YES;
				CLANG_WARN_CONSTANT_CONVERSION = YES;
				CLANG_WARN_DEPRECATED_OBJC_IMPLEMENTATIONS = YES;
				CLANG_WARN_DIRECT_OBJC_ISA_USAGE = YES_ERROR;
				CLANG_WARN_DOCUMENTATION_COMMENTS = YES;
				CLANG_WARN_EMPTY_BODY = YES;
				CLANG_WARN_ENUM_CONVERSION = YES;
				CLANG_WARN_INFINITE_RECURSION = YES;
				CLANG_WARN_INT_CONVERSION = YES;
				CLANG_WARN_NON_LITERAL_NULL_CONVERSION = YES;
				CLANG_WARN_OBJC_IMPLICIT_RETAIN_SELF = YES;
				CLANG_WARN_OBJC_LITERAL_CONVERSION = YES;
				CLANG_WARN_OBJC_ROOT_CLASS = YES_ERROR;
				CLANG_WARN_RANGE_LOOP_ANALYSIS = YES;
				CLANG_WARN_STRICT_PROTOTYPES = YES;
				CLANG_WARN_SUSPICIOUS_MOVE = YES;
				CLANG_WARN_UNGUARDED_AVAILABILITY = YES_AGGRESSIVE;
				CLANG_WARN_UNREACHABLE_CODE = YES;
				CLANG_WARN__DUPLICATE_METHOD_MATCH = YES;
				COPY_PHASE_STRIP = NO;
				DEBUG_INFORMATION_FORMAT = dwarf;
				ENABLE_STRICT_OBJC_MSGSEND = YES;
				ENABLE_TESTABILITY = YES;
				GCC_C_LANGUAGE_STANDARD = gnu11;
				GCC_DYNAMIC_NO_PIC = NO;
				GCC_NO_COMMON_BLOCKS = YES;
				GCC_OPTIMIZATION_LEVEL = 0;
				GCC_PREPROCESSOR_DEFINITIONS = (
					"DEBUG=1",
					"$(inherited)",
				);
				GCC_WARN_64_TO_32_BIT_CONVERSION = YES;
				GCC_WARN_ABOUT_RETURN_TYPE = YES_ERROR;
				GCC_WARN_UNDECLARED_SELECTOR = YES;
				GCC_WARN_UNINITIALIZED_AUTOS = YES_AGGRESSIVE;
				GCC_WARN_UNUSED_FUNCTION = YES;
				GCC_WARN_UNUSED_VARIABLE = YES;
				IPHONEOS_DEPLOYMENT_TARGET = 13.2;
				MTL_ENABLE_DEBUG_INFO = INCLUDE_SOURCE;
				MTL_FAST_MATH = YES;
				ONLY_ACTIVE_ARCH = YES;
				SDKROOT = iphoneos;
				SWIFT_ACTIVE_COMPILATION_CONDITIONS = DEBUG;
				SWIFT_OPTIMIZATION_LEVEL = "-Onone";
			};
			name = Debug;
		};
		3F84909E240A036A007FBA48 /* Release */ = {
			isa = XCBuildConfiguration;
			buildSettings = {
				ALWAYS_SEARCH_USER_PATHS = NO;
				CLANG_ANALYZER_NONNULL = YES;
				CLANG_ANALYZER_NUMBER_OBJECT_CONVERSION = YES_AGGRESSIVE;
				CLANG_CXX_LANGUAGE_STANDARD = "gnu++14";
				CLANG_CXX_LIBRARY = "libc++";
				CLANG_ENABLE_MODULES = YES;
				CLANG_ENABLE_OBJC_ARC = YES;
				CLANG_ENABLE_OBJC_WEAK = YES;
				CLANG_WARN_BLOCK_CAPTURE_AUTORELEASING = YES;
				CLANG_WARN_BOOL_CONVERSION = YES;
				CLANG_WARN_COMMA = YES;
				CLANG_WARN_CONSTANT_CONVERSION = YES;
				CLANG_WARN_DEPRECATED_OBJC_IMPLEMENTATIONS = YES;
				CLANG_WARN_DIRECT_OBJC_ISA_USAGE = YES_ERROR;
				CLANG_WARN_DOCUMENTATION_COMMENTS = YES;
				CLANG_WARN_EMPTY_BODY = YES;
				CLANG_WARN_ENUM_CONVERSION = YES;
				CLANG_WARN_INFINITE_RECURSION = YES;
				CLANG_WARN_INT_CONVERSION = YES;
				CLANG_WARN_NON_LITERAL_NULL_CONVERSION = YES;
				CLANG_WARN_OBJC_IMPLICIT_RETAIN_SELF = YES;
				CLANG_WARN_OBJC_LITERAL_CONVERSION = YES;
				CLANG_WARN_OBJC_ROOT_CLASS = YES_ERROR;
				CLANG_WARN_RANGE_LOOP_ANALYSIS = YES;
				CLANG_WARN_STRICT_PROTOTYPES = YES;
				CLANG_WARN_SUSPICIOUS_MOVE = YES;
				CLANG_WARN_UNGUARDED_AVAILABILITY = YES_AGGRESSIVE;
				CLANG_WARN_UNREACHABLE_CODE = YES;
				CLANG_WARN__DUPLICATE_METHOD_MATCH = YES;
				COPY_PHASE_STRIP = NO;
				DEBUG_INFORMATION_FORMAT = "dwarf-with-dsym";
				ENABLE_NS_ASSERTIONS = NO;
				ENABLE_STRICT_OBJC_MSGSEND = YES;
				GCC_C_LANGUAGE_STANDARD = gnu11;
				GCC_NO_COMMON_BLOCKS = YES;
				GCC_WARN_64_TO_32_BIT_CONVERSION = YES;
				GCC_WARN_ABOUT_RETURN_TYPE = YES_ERROR;
				GCC_WARN_UNDECLARED_SELECTOR = YES;
				GCC_WARN_UNINITIALIZED_AUTOS = YES_AGGRESSIVE;
				GCC_WARN_UNUSED_FUNCTION = YES;
				GCC_WARN_UNUSED_VARIABLE = YES;
				IPHONEOS_DEPLOYMENT_TARGET = 13.2;
				MTL_ENABLE_DEBUG_INFO = NO;
				MTL_FAST_MATH = YES;
				SDKROOT = iphoneos;
				SWIFT_COMPILATION_MODE = wholemodule;
				SWIFT_OPTIMIZATION_LEVEL = "-O";
				VALIDATE_PRODUCT = YES;
			};
			name = Release;
		};
		3F8490A0240A036A007FBA48 /* Debug */ = {
			isa = XCBuildConfiguration;
			buildSettings = {
				ASSETCATALOG_COMPILER_APPICON_NAME = AppIcon;
				CODE_SIGN_STYLE = Automatic;
				INFOPLIST_FILE = "An ESPecially Good App/Info.plist";
				LD_RUNPATH_SEARCH_PATHS = (
					"$(inherited)",
					"@executable_path/Frameworks",
				);
				PRODUCT_BUNDLE_IDENTIFIER = "edu.missouri.An-ESPecially-Good-App";
				PRODUCT_NAME = "$(TARGET_NAME)";
				SWIFT_VERSION = 5.0;
				TARGETED_DEVICE_FAMILY = "1,2";
			};
			name = Debug;
		};
		3F8490A1240A036A007FBA48 /* Release */ = {
			isa = XCBuildConfiguration;
			buildSettings = {
				ASSETCATALOG_COMPILER_APPICON_NAME = AppIcon;
				CODE_SIGN_STYLE = Automatic;
				INFOPLIST_FILE = "An ESPecially Good App/Info.plist";
				LD_RUNPATH_SEARCH_PATHS = (
					"$(inherited)",
					"@executable_path/Frameworks",
				);
				PRODUCT_BUNDLE_IDENTIFIER = "edu.missouri.An-ESPecially-Good-App";
				PRODUCT_NAME = "$(TARGET_NAME)";
				SWIFT_VERSION = 5.0;
				TARGETED_DEVICE_FAMILY = "1,2";
			};
			name = Release;
		};
/* End XCBuildConfiguration section */

/* Begin XCConfigurationList section */
		3F849084240A0368007FBA48 /* Build configuration list for PBXProject "An ESPecially Good App" */ = {
			isa = XCConfigurationList;
			buildConfigurations = (
				3F84909D240A036A007FBA48 /* Debug */,
				3F84909E240A036A007FBA48 /* Release */,
			);
			defaultConfigurationIsVisible = 0;
			defaultConfigurationName = Release;
		};
		3F84909F240A036A007FBA48 /* Build configuration list for PBXNativeTarget "An ESPecially Good App" */ = {
			isa = XCConfigurationList;
			buildConfigurations = (
				3F8490A0240A036A007FBA48 /* Debug */,
				3F8490A1240A036A007FBA48 /* Release */,
			);
			defaultConfigurationIsVisible = 0;
			defaultConfigurationName = Release;
		};
/* End XCConfigurationList section */
	};
	rootObject = 3F849081240A0368007FBA48 /* Project object */;
}
